
Microsoft Visual Studio Solution File, Format Version 12.00
# Visual Studio Version 17
VisualStudioVersion = 17.5.002.0
MinimumVisualStudioVersion = 10.0.40219.1
Project("{9A19103F-16F7-4668-BE54-9A1E7A4F7556}") = "TestProject", "TestProject.csproj", "{F9710C16-5568-4522-B7C3-66D8F1B0B57C}"
EndProject
Global
	GlobalSection(SolutionConfigurationPlatforms) = preSolution
		Debug|Any CPU = Debug|Any CPU
		Release|Any CPU = Release|Any CPU
	EndGlobalSection
	GlobalSection(ProjectConfigurationPlatforms) = postSolution
		{F9710C16-5568-4522-B7C3-66D8F1B0B57C}.Debug|Any CPU.ActiveCfg = Debug|Any CPU
		{F9710C16-5568-4522-B7C3-66D8F1B0B57C}.Debug|Any CPU.Build.0 = Debug|Any CPU
		{F9710C16-5568-4522-B7C3-66D8F1B0B57C}.Release|Any CPU.ActiveCfg = Release|Any CPU
		{F9710C16-5568-4522-B7C3-66D8F1B0B57C}.Release|Any CPU.Build.0 = Release|Any CPU
	EndGlobalSection
	GlobalSection(SolutionProperties) = preSolution
		HideSolutionNode = FALSE
	EndGlobalSection
	GlobalSection(ExtensibilityGlobals) = postSolution
		SolutionGuid = {67DBAF3A-CA9F-4184-BB6E-A2BFC4CCF41A}
	EndGlobalSection
EndGlobal
